{
  "name": "doncron",
  "version": "1.0.2",
  "lockfileVersion": 2,
  "requires": true,
  "packages": {
    "": {
      "name": "doncron",
      "version": "1.0.2",
      "license": "MIT",
      "dependencies": {
        "node-cron": "^3.0.1",
        "type-approve": "^0.3.0"
      }
    },
    "node_modules/node-cron": {
      "version": "3.0.1",
      "resolved": "https://registry.npmjs.org/node-cron/-/node-cron-3.0.1.tgz",
      "integrity": "sha512-RAWZTNn2M5KDIUV/389UX0EXsqvdFAwc9QwHQceh0Ga56dygqSRthqIjwpgZsoDspHGt2rkHdk9Z4RgfPMdALw==",
      "engines": {
        "node": ">=6.0.0"
      }
    },
    "node_modules/type-approve": {
      "version": "0.3.0",
      "resolved": "https://registry.npmjs.org/type-approve/-/type-approve-0.3.0.tgz",
      "integrity": "sha512-KCFc0AC6CIloUKIeluF2BWblqMLXONpar4q35ob2MRbT2XK+vS9AqHvyoVsCAZqxZti6X6ypEdx7+KWmZD9nRw=="
    }
  },
  "dependencies": {
    "node-cron": {
      "version": "3.0.1",
      "resolved": "https://registry.npmjs.org/node-cron/-/node-cron-3.0.1.tgz",
      "integrity": "sha512-RAWZTNn2M5KDIUV/389UX0EXsqvdFAwc9QwHQceh0Ga56dygqSRthqIjwpgZsoDspHGt2rkHdk9Z4RgfPMdALw=="
    },
    "type-approve": {
      "version": "0.3.0",
      "resolved": "https://registry.npmjs.org/type-approve/-/type-approve-0.3.0.tgz",
      "integrity": "sha512-KCFc0AC6CIloUKIeluF2BWblqMLXONpar4q35ob2MRbT2XK+vS9AqHvyoVsCAZqxZti6X6ypEdx7+KWmZD9nRw=="
    }
  }
}
